
Microsoft Visual Studio Solution File, Format Version 12.00
# Visual Studio Version 17
VisualStudioVersion = 17.4.33205.214
MinimumVisualStudioVersion = 10.0.40219.1
Project("{9A19103F-16F7-4668-BE54-9A1E7A4F7556}") = "Day11", "Day11\Day11.csproj", "{9ED73998-4AAF-467B-989D-4ED571941016}"
EndProject
Project("{FAE04EC0-301F-11D3-BF4B-00C04F79EFBC}") = "MonkeyTests", "MonkeyTests\MonkeyTests.csproj", "{7EA2DE9E-7644-43C3-A606-B5BD6901B94A}"
EndProject
Global
	GlobalSection(SolutionConfigurationPlatforms) = preSolution
		Debug|Any CPU = Debug|Any CPU
		Release|Any CPU = Release|Any CPU
	EndGlobalSection
	GlobalSection(ProjectConfigurationPlatforms) = postSolution
		{9ED73998-4AAF-467B-989D-4ED571941016}.Debug|Any CPU.ActiveCfg = Debug|Any CPU
		{9ED73998-4AAF-467B-989D-4ED571941016}.Debug|Any CPU.Build.0 = Debug|Any CPU
		{9ED73998-4AAF-467B-989D-4ED571941016}.Release|Any CPU.ActiveCfg = Release|Any CPU
		{9ED73998-4AAF-467B-989D-4ED571941016}.Release|Any CPU.Build.0 = Release|Any CPU
		{7EA2DE9E-7644-43C3-A606-B5BD6901B94A}.Debug|Any CPU.ActiveCfg = Debug|Any CPU
		{7EA2DE9E-7644-43C3-A606-B5BD6901B94A}.Debug|Any CPU.Build.0 = Debug|Any CPU
		{7EA2DE9E-7644-43C3-A606-B5BD6901B94A}.Release|Any CPU.ActiveCfg = Release|Any CPU
		{7EA2DE9E-7644-43C3-A606-B5BD6901B94A}.Release|Any CPU.Build.0 = Release|Any CPU
	EndGlobalSection
	GlobalSection(SolutionProperties) = preSolution
		HideSolutionNode = FALSE
	EndGlobalSection
	GlobalSection(ExtensibilityGlobals) = postSolution
		SolutionGuid = {90F9273E-3124-4DC5-BA07-0A3AD358F010}
	EndGlobalSection
EndGlobal
