
Microsoft Visual Studio Solution File, Format Version 12.00
# Visual Studio Version 17
VisualStudioVersion = 17.4.33205.214
MinimumVisualStudioVersion = 10.0.40219.1
Project("{FAE04EC0-301F-11D3-BF4B-00C04F79EFBC}") = "Day8", "Day8\Day8.csproj", "{421C05A9-A28E-4D8B-82F8-55CDFE153DB9}"
EndProject
Global
	GlobalSection(SolutionConfigurationPlatforms) = preSolution
		Debug|Any CPU = Debug|Any CPU
		Release|Any CPU = Release|Any CPU
	EndGlobalSection
	GlobalSection(ProjectConfigurationPlatforms) = postSolution
		{421C05A9-A28E-4D8B-82F8-55CDFE153DB9}.Debug|Any CPU.ActiveCfg = Debug|Any CPU
		{421C05A9-A28E-4D8B-82F8-55CDFE153DB9}.Debug|Any CPU.Build.0 = Debug|Any CPU
		{421C05A9-A28E-4D8B-82F8-55CDFE153DB9}.Release|Any CPU.ActiveCfg = Release|Any CPU
		{421C05A9-A28E-4D8B-82F8-55CDFE153DB9}.Release|Any CPU.Build.0 = Release|Any CPU
	EndGlobalSection
	GlobalSection(SolutionProperties) = preSolution
		HideSolutionNode = FALSE
	EndGlobalSection
	GlobalSection(ExtensibilityGlobals) = postSolution
		SolutionGuid = {47B4F697-B349-4EAA-AEF5-CE1823BCD529}
	EndGlobalSection
EndGlobal
